
Microsoft Visual Studio Solution File, Format Version 12.00
# Visual Studio Version 17
VisualStudioVersion = 17.10.35122.118
MinimumVisualStudioVersion = 10.0.40219.1
Project("{FAE04EC0-301F-11D3-BF4B-00C04F79EFBC}") = "CloudflareFastCDN", "CloudflareFastCDN\CloudflareFastCDN.csproj", "{4EF9A856-4949-4F0C-969E-1514BAE5B257}"
EndProject
Global
	GlobalSection(SolutionConfigurationPlatforms) = preSolution
		Debug|Any CPU = Debug|Any CPU
		Release|Any CPU = Release|Any CPU
	EndGlobalSection
	GlobalSection(ProjectConfigurationPlatforms) = postSolution
		{4EF9A856-4949-4F0C-969E-1514BAE5B257}.Debug|Any CPU.ActiveCfg = Debug|Any CPU
		{4EF9A856-4949-4F0C-969E-1514BAE5B257}.Debug|Any CPU.Build.0 = Debug|Any CPU
		{4EF9A856-4949-4F0C-969E-1514BAE5B257}.Release|Any CPU.ActiveCfg = Release|Any CPU
		{4EF9A856-4949-4F0C-969E-1514BAE5B257}.Release|Any CPU.Build.0 = Release|Any CPU
	EndGlobalSection
	GlobalSection(SolutionProperties) = preSolution
		HideSolutionNode = FALSE
	EndGlobalSection
	GlobalSection(ExtensibilityGlobals) = postSolution
		SolutionGuid = {0670C001-B6FA-411E-8542-73E8C0C56116}
	EndGlobalSection
EndGlobal
